
Microsoft Visual Studio Solution File, Format Version 12.00
# Visual Studio Version 17
VisualStudioVersion = 17.10.35004.147
MinimumVisualStudioVersion = 10.0.40219.1
Project("{FAE04EC0-301F-11D3-BF4B-00C04F79EFBC}") = "EFCore_Activity0302", "EFCore_Activity0302\EFCore_Activity0302.csproj", "{0FCDCB4B-8436-4144-A413-D12A45280F1C}"
EndProject
Global
	GlobalSection(SolutionConfigurationPlatforms) = preSolution
		Debug|Any CPU = Debug|Any CPU
		Release|Any CPU = Release|Any CPU
	EndGlobalSection
	GlobalSection(ProjectConfigurationPlatforms) = postSolution
		{0FCDCB4B-8436-4144-A413-D12A45280F1C}.Debug|Any CPU.ActiveCfg = Debug|Any CPU
		{0FCDCB4B-8436-4144-A413-D12A45280F1C}.Debug|Any CPU.Build.0 = Debug|Any CPU
		{0FCDCB4B-8436-4144-A413-D12A45280F1C}.Release|Any CPU.ActiveCfg = Release|Any CPU
		{0FCDCB4B-8436-4144-A413-D12A45280F1C}.Release|Any CPU.Build.0 = Release|Any CPU
	EndGlobalSection
	GlobalSection(SolutionProperties) = preSolution
		HideSolutionNode = FALSE
	EndGlobalSection
	GlobalSection(ExtensibilityGlobals) = postSolution
		SolutionGuid = {080771C9-C68A-4B86-8D14-B6D93290638E}
	EndGlobalSection
EndGlobal
